{
  "name": "Go_CRUD",
  "version": "1.0.0",
  "lockfileVersion": 3,
  "requires": true,
  "description": "A simple CRUD application built with React",
  "main": "index.js",
  "packages": {},
  "browserslist": {
    "development": [
      "last 1 chrome version",
      "last 1 firefox version",
      "last 1 safari version"
    ],
    "production": [
      ">0.2%",
      "not dead",
      "not op_mini all"
    ]
  },
  "devDependencies": {},
  "scripts": {
    "build": "react-scripts build",
    "dev": "react-scripts start",
    "start": "react-scripts start",
    "test": "react-scripts test"
  }
}
